// !$*UTF8*$!
{
	archiveVersion = 1;
	classes = {
	};
	objectVersion = 50;
	objects = {

/* Begin PBXBuildFile section */
		633AD0DD21001A0200FBD10C /* ReviewPrompting.framework in Frameworks */ = {isa = PBXBuildFile; fileRef = 633AD0D321001A0200FBD10C /* ReviewPrompting.framework */; };
		633AD0E421001A0200FBD10C /* ReviewPrompting.h in Headers */ = {isa = PBXBuildFile; fileRef = 633AD0D621001A0200FBD10C /* ReviewPrompting.h */; settings = {ATTRIBUTES = (Public, ); }; };
		633AD13F21004F8900FBD10C /* Nimble.framework in Frameworks */ = {isa = PBXBuildFile; fileRef = 633AD13E21004F8900FBD10C /* Nimble.framework */; };
		633AD14121004F9000FBD10C /* Quick.framework in Frameworks */ = {isa = PBXBuildFile; fileRef = 633AD14021004F9000FBD10C /* Quick.framework */; };
		633AD1432100645800FBD10C /* ReviewPromptingAlertPresenter.swift in Sources */ = {isa = PBXBuildFile; fileRef = 633AD1422100645800FBD10C /* ReviewPromptingAlertPresenter.swift */; };
		633AD1452100672700FBD10C /* StoreKit.framework in Frameworks */ = {isa = PBXBuildFile; fileRef = 633AD1442100672700FBD10C /* StoreKit.framework */; };
		633AD147210068D200FBD10C /* ReviewPromptiongConfiguration.swift in Sources */ = {isa = PBXBuildFile; fileRef = 633AD146210068D200FBD10C /* ReviewPromptiongConfiguration.swift */; };
		633AD1492100850C00FBD10C /* ReviewPromptingCoordinator.swift in Sources */ = {isa = PBXBuildFile; fileRef = 633AD1482100850C00FBD10C /* ReviewPromptingCoordinator.swift */; };
		633AD14B210088CF00FBD10C /* ReviewPromptingDefaultParameters.swift in Sources */ = {isa = PBXBuildFile; fileRef = 633AD14A210088CF00FBD10C /* ReviewPromptingDefaultParameters.swift */; };
		633AD14D21008ED300FBD10C /* ReviewPromptingCustomParameter.swift in Sources */ = {isa = PBXBuildFile; fileRef = 633AD14C21008ED300FBD10C /* ReviewPromptingCustomParameter.swift */; };
		633AD14F2100961100FBD10C /* ReviewPromptingParameterPersistor.swift in Sources */ = {isa = PBXBuildFile; fileRef = 633AD14E2100961100FBD10C /* ReviewPromptingParameterPersistor.swift */; };
/* End PBXBuildFile section */

/* Begin PBXContainerItemProxy section */
		633AD0DE21001A0200FBD10C /* PBXContainerItemProxy */ = {
			isa = PBXContainerItemProxy;
			containerPortal = 633AD0CA21001A0200FBD10C /* Project object */;
			proxyType = 1;
			remoteGlobalIDString = 633AD0D221001A0200FBD10C;
			remoteInfo = ReviewPrompting;
		};
/* End PBXContainerItemProxy section */

/* Begin PBXFileReference section */
		633AD0D321001A0200FBD10C /* ReviewPrompting.framework */ = {isa = PBXFileReference; explicitFileType = wrapper.framework; includeInIndex = 0; path = ReviewPrompting.framework; sourceTree = BUILT_PRODUCTS_DIR; };
		633AD0D621001A0200FBD10C /* ReviewPrompting.h */ = {isa = PBXFileReference; lastKnownFileType = sourcecode.c.h; path = ReviewPrompting.h; sourceTree = "<group>"; };
		633AD0D721001A0200FBD10C /* Info.plist */ = {isa = PBXFileReference; lastKnownFileType = text.plist.xml; path = Info.plist; sourceTree = "<group>"; };
		633AD0DC21001A0200FBD10C /* ReviewPromptingTests.xctest */ = {isa = PBXFileReference; explicitFileType = wrapper.cfbundle; includeInIndex = 0; path = ReviewPromptingTests.xctest; sourceTree = BUILT_PRODUCTS_DIR; };
		633AD0E321001A0200FBD10C /* Info.plist */ = {isa = PBXFileReference; lastKnownFileType = text.plist.xml; path = Info.plist; sourceTree = "<group>"; };
		633AD13E21004F8900FBD10C /* Nimble.framework */ = {isa = PBXFileReference; explicitFileType = wrapper.framework; path = Nimble.framework; sourceTree = BUILT_PRODUCTS_DIR; };
		633AD14021004F9000FBD10C /* Quick.framework */ = {isa = PBXFileReference; explicitFileType = wrapper.framework; path = Quick.framework; sourceTree = BUILT_PRODUCTS_DIR; };
		633AD1422100645800FBD10C /* ReviewPromptingAlertPresenter.swift */ = {isa = PBXFileReference; lastKnownFileType = sourcecode.swift; path = ReviewPromptingAlertPresenter.swift; sourceTree = "<group>"; };
		633AD1442100672700FBD10C /* StoreKit.framework */ = {isa = PBXFileReference; lastKnownFileType = wrapper.framework; name = StoreKit.framework; path = System/Library/Frameworks/StoreKit.framework; sourceTree = SDKROOT; };
		633AD146210068D200FBD10C /* ReviewPromptiongConfiguration.swift */ = {isa = PBXFileReference; lastKnownFileType = sourcecode.swift; path = ReviewPromptiongConfiguration.swift; sourceTree = "<group>"; };
		633AD1482100850C00FBD10C /* ReviewPromptingCoordinator.swift */ = {isa = PBXFileReference; lastKnownFileType = sourcecode.swift; path = ReviewPromptingCoordinator.swift; sourceTree = "<group>"; };
		633AD14A210088CF00FBD10C /* ReviewPromptingDefaultParameters.swift */ = {isa = PBXFileReference; lastKnownFileType = sourcecode.swift; path = ReviewPromptingDefaultParameters.swift; sourceTree = "<group>"; };
		633AD14C21008ED300FBD10C /* ReviewPromptingCustomParameter.swift */ = {isa = PBXFileReference; lastKnownFileType = sourcecode.swift; path = ReviewPromptingCustomParameter.swift; sourceTree = "<group>"; };
		633AD14E2100961100FBD10C /* ReviewPromptingParameterPersistor.swift */ = {isa = PBXFileReference; lastKnownFileType = sourcecode.swift; path = ReviewPromptingParameterPersistor.swift; sourceTree = "<group>"; };
/* End PBXFileReference section */

/* Begin PBXFrameworksBuildPhase section */
		633AD0CF21001A0200FBD10C /* Frameworks */ = {
			isa = PBXFrameworksBuildPhase;
			buildActionMask = 2147483647;
			files = (
				633AD1452100672700FBD10C /* StoreKit.framework in Frameworks */,
			);
			runOnlyForDeploymentPostprocessing = 0;
		};
		633AD0D921001A0200FBD10C /* Frameworks */ = {
			isa = PBXFrameworksBuildPhase;
			buildActionMask = 2147483647;
			files = (
				633AD14121004F9000FBD10C /* Quick.framework in Frameworks */,
				633AD13F21004F8900FBD10C /* Nimble.framework in Frameworks */,
				633AD0DD21001A0200FBD10C /* ReviewPrompting.framework in Frameworks */,
			);
			runOnlyForDeploymentPostprocessing = 0;
		};
/* End PBXFrameworksBuildPhase section */

/* Begin PBXGroup section */
		633AD0C921001A0200FBD10C = {
			isa = PBXGroup;
			children = (
				633AD0D521001A0200FBD10C /* ReviewPrompting */,
				633AD0E021001A0200FBD10C /* ReviewPromptingTests */,
				633AD0D421001A0200FBD10C /* Products */,
				633AD13D21004F8900FBD10C /* Frameworks */,
			);
			sourceTree = "<group>";
		};
		633AD0D421001A0200FBD10C /* Products */ = {
			isa = PBXGroup;
			children = (
				633AD0D321001A0200FBD10C /* ReviewPrompting.framework */,
				633AD0DC21001A0200FBD10C /* ReviewPromptingTests.xctest */,
			);
			name = Products;
			sourceTree = "<group>";
		};
		633AD0D521001A0200FBD10C /* ReviewPrompting */ = {
			isa = PBXGroup;
			children = (
				633AD0D621001A0200FBD10C /* ReviewPrompting.h */,
				633AD0D721001A0200FBD10C /* Info.plist */,
				633AD1482100850C00FBD10C /* ReviewPromptingCoordinator.swift */,
				633AD1422100645800FBD10C /* ReviewPromptingAlertPresenter.swift */,
				633AD146210068D200FBD10C /* ReviewPromptiongConfiguration.swift */,
				633AD14A210088CF00FBD10C /* ReviewPromptingDefaultParameters.swift */,
				633AD14C21008ED300FBD10C /* ReviewPromptingCustomParameter.swift */,
				633AD14E2100961100FBD10C /* ReviewPromptingParameterPersistor.swift */,
			);
			path = ReviewPrompting;
			sourceTree = "<group>";
		};
		633AD0E021001A0200FBD10C /* ReviewPromptingTests */ = {
			isa = PBXGroup;
			children = (
				633AD0E321001A0200FBD10C /* Info.plist */,
			);
			path = ReviewPromptingTests;
			sourceTree = "<group>";
		};
		633AD13D21004F8900FBD10C /* Frameworks */ = {
			isa = PBXGroup;
			children = (
				633AD1442100672700FBD10C /* StoreKit.framework */,
				633AD14021004F9000FBD10C /* Quick.framework */,
				633AD13E21004F8900FBD10C /* Nimble.framework */,
			);
			name = Frameworks;
			sourceTree = "<group>";
		};
/* End PBXGroup section */

/* Begin PBXHeadersBuildPhase section */
		633AD0D021001A0200FBD10C /* Headers */ = {
			isa = PBXHeadersBuildPhase;
			buildActionMask = 2147483647;
			files = (
				633AD0E421001A0200FBD10C /* ReviewPrompting.h in Headers */,
			);
			runOnlyForDeploymentPostprocessing = 0;
		};
/* End PBXHeadersBuildPhase section */

/* Begin PBXNativeTarget section */
		633AD0D221001A0200FBD10C /* ReviewPrompting */ = {
			isa = PBXNativeTarget;
			buildConfigurationList = 633AD0E721001A0200FBD10C /* Build configuration list for PBXNativeTarget "ReviewPrompting" */;
			buildPhases = (
				633AD0CE21001A0200FBD10C /* Sources */,
				633AD0CF21001A0200FBD10C /* Frameworks */,
				633AD0D021001A0200FBD10C /* Headers */,
				633AD0D121001A0200FBD10C /* Resources */,
			);
			buildRules = (
			);
			dependencies = (
			);
			name = ReviewPrompting;
			productName = ReviewPrompting;
			productReference = 633AD0D321001A0200FBD10C /* ReviewPrompting.framework */;
			productType = "com.apple.product-type.framework";
		};
		633AD0DB21001A0200FBD10C /* ReviewPromptingTests */ = {
			isa = PBXNativeTarget;
			buildConfigurationList = 633AD0EA21001A0200FBD10C /* Build configuration list for PBXNativeTarget "ReviewPromptingTests" */;
			buildPhases = (
				633AD0D821001A0200FBD10C /* Sources */,
				633AD0D921001A0200FBD10C /* Frameworks */,
				633AD0DA21001A0200FBD10C /* Resources */,
			);
			buildRules = (
			);
			dependencies = (
				633AD0DF21001A0200FBD10C /* PBXTargetDependency */,
			);
			name = ReviewPromptingTests;
			productName = ReviewPromptingTests;
			productReference = 633AD0DC21001A0200FBD10C /* ReviewPromptingTests.xctest */;
			productType = "com.apple.product-type.bundle.unit-test";
		};
/* End PBXNativeTarget section */

/* Begin PBXProject section */
		633AD0CA21001A0200FBD10C /* Project object */ = {
			isa = PBXProject;
			attributes = {
				LastSwiftUpdateCheck = 0940;
				LastUpgradeCheck = 0940;
				ORGANIZATIONNAME = "Field Apps";
				TargetAttributes = {
					633AD0D221001A0200FBD10C = {
						CreatedOnToolsVersion = 9.4.1;
						LastSwiftMigration = 0940;
					};
					633AD0DB21001A0200FBD10C = {
						CreatedOnToolsVersion = 9.4.1;
					};
				};
			};
			buildConfigurationList = 633AD0CD21001A0200FBD10C /* Build configuration list for PBXProject "ReviewPrompting" */;
			compatibilityVersion = "Xcode 9.3";
			developmentRegion = en;
			hasScannedForEncodings = 0;
			knownRegions = (
				en,
			);
			mainGroup = 633AD0C921001A0200FBD10C;
			productRefGroup = 633AD0D421001A0200FBD10C /* Products */;
			projectDirPath = "";
			projectRoot = "";
			targets = (
				633AD0D221001A0200FBD10C /* ReviewPrompting */,
				633AD0DB21001A0200FBD10C /* ReviewPromptingTests */,
			);
		};
/* End PBXProject section */

/* Begin PBXResourcesBuildPhase section */
		633AD0D121001A0200FBD10C /* Resources */ = {
			isa = PBXResourcesBuildPhase;
			buildActionMask = 2147483647;
			files = (
			);
			runOnlyForDeploymentPostprocessing = 0;
		};
		633AD0DA21001A0200FBD10C /* Resources */ = {
			isa = PBXResourcesBuildPhase;
			buildActionMask = 2147483647;
			files = (
			);
			runOnlyForDeploymentPostprocessing = 0;
		};
/* End PBXResourcesBuildPhase section */

/* Begin PBXSourcesBuildPhase section */
		633AD0CE21001A0200FBD10C /* Sources */ = {
			isa = PBXSourcesBuildPhase;
			buildActionMask = 2147483647;
			files = (
				633AD14B210088CF00FBD10C /* ReviewPromptingDefaultParameters.swift in Sources */,
				633AD14D21008ED300FBD10C /* ReviewPromptingCustomParameter.swift in Sources */,
				633AD14F2100961100FBD10C /* ReviewPromptingParameterPersistor.swift in Sources */,
				633AD1492100850C00FBD10C /* ReviewPromptingCoordinator.swift in Sources */,
				633AD1432100645800FBD10C /* ReviewPromptingAlertPresenter.swift in Sources */,
				633AD147210068D200FBD10C /* ReviewPromptiongConfiguration.swift in Sources */,
			);
			runOnlyForDeploymentPostprocessing = 0;
		};
		633AD0D821001A0200FBD10C /* Sources */ = {
			isa = PBXSourcesBuildPhase;
			buildActionMask = 2147483647;
			files = (
			);
			runOnlyForDeploymentPostprocessing = 0;
		};
/* End PBXSourcesBuildPhase section */

/* Begin PBXTargetDependency section */
		633AD0DF21001A0200FBD10C /* PBXTargetDependency */ = {
			isa = PBXTargetDependency;
			target = 633AD0D221001A0200FBD10C /* ReviewPrompting */;
			targetProxy = 633AD0DE21001A0200FBD10C /* PBXContainerItemProxy */;
		};
/* End PBXTargetDependency section */

/* Begin XCBuildConfiguration section */
		633AD0E521001A0200FBD10C /* Debug */ = {
			isa = XCBuildConfiguration;
			buildSettings = {
				ALWAYS_SEARCH_USER_PATHS = NO;
				CLANG_ANALYZER_NONNULL = YES;
				CLANG_ANALYZER_NUMBER_OBJECT_CONVERSION = YES_AGGRESSIVE;
				CLANG_CXX_LANGUAGE_STANDARD = "gnu++14";
				CLANG_CXX_LIBRARY = "libc++";
				CLANG_ENABLE_MODULES = YES;
				CLANG_ENABLE_OBJC_ARC = YES;
				CLANG_ENABLE_OBJC_WEAK = YES;
				CLANG_WARN_BLOCK_CAPTURE_AUTORELEASING = YES;
				CLANG_WARN_BOOL_CONVERSION = YES;
				CLANG_WARN_COMMA = YES;
				CLANG_WARN_CONSTANT_CONVERSION = YES;
				CLANG_WARN_DEPRECATED_OBJC_IMPLEMENTATIONS = YES;
				CLANG_WARN_DIRECT_OBJC_ISA_USAGE = YES_ERROR;
				CLANG_WARN_DOCUMENTATION_COMMENTS = YES;
				CLANG_WARN_EMPTY_BODY = YES;
				CLANG_WARN_ENUM_CONVERSION = YES;
				CLANG_WARN_INFINITE_RECURSION = YES;
				CLANG_WARN_INT_CONVERSION = YES;
				CLANG_WARN_NON_LITERAL_NULL_CONVERSION = YES;
				CLANG_WARN_OBJC_IMPLICIT_RETAIN_SELF = YES;
				CLANG_WARN_OBJC_LITERAL_CONVERSION = YES;
				CLANG_WARN_OBJC_ROOT_CLASS = YES_ERROR;
				CLANG_WARN_RANGE_LOOP_ANALYSIS = YES;
				CLANG_WARN_STRICT_PROTOTYPES = YES;
				CLANG_WARN_SUSPICIOUS_MOVE = YES;
				CLANG_WARN_UNGUARDED_AVAILABILITY = YES_AGGRESSIVE;
				CLANG_WARN_UNREACHABLE_CODE = YES;
				CLANG_WARN__DUPLICATE_METHOD_MATCH = YES;
				CODE_SIGN_IDENTITY = "iPhone Developer";
				COPY_PHASE_STRIP = NO;
				CURRENT_PROJECT_VERSION = 1;
				DEBUG_INFORMATION_FORMAT = dwarf;
				ENABLE_STRICT_OBJC_MSGSEND = YES;
				ENABLE_TESTABILITY = YES;
				GCC_C_LANGUAGE_STANDARD = gnu11;
				GCC_DYNAMIC_NO_PIC = NO;
				GCC_NO_COMMON_BLOCKS = YES;
				GCC_OPTIMIZATION_LEVEL = 0;
				GCC_PREPROCESSOR_DEFINITIONS = (
					"DEBUG=1",
					"$(inherited)",
				);
				GCC_WARN_64_TO_32_BIT_CONVERSION = YES;
				GCC_WARN_ABOUT_RETURN_TYPE = YES_ERROR;
				GCC_WARN_UNDECLARED_SELECTOR = YES;
				GCC_WARN_UNINITIALIZED_AUTOS = YES_AGGRESSIVE;
				GCC_WARN_UNUSED_FUNCTION = YES;
				GCC_WARN_UNUSED_VARIABLE = YES;
				IPHONEOS_DEPLOYMENT_TARGET = 11.4;
				MTL_ENABLE_DEBUG_INFO = YES;
				ONLY_ACTIVE_ARCH = YES;
				SDKROOT = iphoneos;
				SWIFT_ACTIVE_COMPILATION_CONDITIONS = DEBUG;
				SWIFT_OPTIMIZATION_LEVEL = "-Onone";
				VERSIONING_SYSTEM = "apple-generic";
				VERSION_INFO_PREFIX = "";
			};
			name = Debug;
		};
		633AD0E621001A0200FBD10C /* Release */ = {
			isa = XCBuildConfiguration;
			buildSettings = {
				ALWAYS_SEARCH_USER_PATHS = NO;
				CLANG_ANALYZER_NONNULL = YES;
				CLANG_ANALYZER_NUMBER_OBJECT_CONVERSION = YES_AGGRESSIVE;
				CLANG_CXX_LANGUAGE_STANDARD = "gnu++14";
				CLANG_CXX_LIBRARY = "libc++";
				CLANG_ENABLE_MODULES = YES;
				CLANG_ENABLE_OBJC_ARC = YES;
				CLANG_ENABLE_OBJC_WEAK = YES;
				CLANG_WARN_BLOCK_CAPTURE_AUTORELEASING = YES;
				CLANG_WARN_BOOL_CONVERSION = YES;
				CLANG_WARN_COMMA = YES;
				CLANG_WARN_CONSTANT_CONVERSION = YES;
				CLANG_WARN_DEPRECATED_OBJC_IMPLEMENTATIONS = YES;
				CLANG_WARN_DIRECT_OBJC_ISA_USAGE = YES_ERROR;
				CLANG_WARN_DOCUMENTATION_COMMENTS = YES;
				CLANG_WARN_EMPTY_BODY = YES;
				CLANG_WARN_ENUM_CONVERSION = YES;
				CLANG_WARN_INFINITE_RECURSION = YES;
				CLANG_WARN_INT_CONVERSION = YES;
				CLANG_WARN_NON_LITERAL_NULL_CONVERSION = YES;
				CLANG_WARN_OBJC_IMPLICIT_RETAIN_SELF = YES;
				CLANG_WARN_OBJC_LITERAL_CONVERSION = YES;
				CLANG_WARN_OBJC_ROOT_CLASS = YES_ERROR;
				CLANG_WARN_RANGE_LOOP_ANALYSIS = YES;
				CLANG_WARN_STRICT_PROTOTYPES = YES;
				CLANG_WARN_SUSPICIOUS_MOVE = YES;
				CLANG_WARN_UNGUARDED_AVAILABILITY = YES_AGGRESSIVE;
				CLANG_WARN_UNREACHABLE_CODE = YES;
				CLANG_WARN__DUPLICATE_METHOD_MATCH = YES;
				CODE_SIGN_IDENTITY = "iPhone Developer";
				COPY_PHASE_STRIP = NO;
				CURRENT_PROJECT_VERSION = 1;
				DEBUG_INFORMATION_FORMAT = "dwarf-with-dsym";
				ENABLE_NS_ASSERTIONS = NO;
				ENABLE_STRICT_OBJC_MSGSEND = YES;
				GCC_C_LANGUAGE_STANDARD = gnu11;
				GCC_NO_COMMON_BLOCKS = YES;
				GCC_WARN_64_TO_32_BIT_CONVERSION = YES;
				GCC_WARN_ABOUT_RETURN_TYPE = YES_ERROR;
				GCC_WARN_UNDECLARED_SELECTOR = YES;
				GCC_WARN_UNINITIALIZED_AUTOS = YES_AGGRESSIVE;
				GCC_WARN_UNUSED_FUNCTION = YES;
				GCC_WARN_UNUSED_VARIABLE = YES;
				IPHONEOS_DEPLOYMENT_TARGET = 11.4;
				MTL_ENABLE_DEBUG_INFO = NO;
				SDKROOT = iphoneos;
				SWIFT_COMPILATION_MODE = wholemodule;
				SWIFT_OPTIMIZATION_LEVEL = "-O";
				VALIDATE_PRODUCT = YES;
				VERSIONING_SYSTEM = "apple-generic";
				VERSION_INFO_PREFIX = "";
			};
			name = Release;
		};
		633AD0E821001A0200FBD10C /* Debug */ = {
			isa = XCBuildConfiguration;
			buildSettings = {
				CLANG_ENABLE_MODULES = YES;
				CODE_SIGN_IDENTITY = "";
				CODE_SIGN_STYLE = Automatic;
				DEFINES_MODULE = YES;
				DEVELOPMENT_TEAM = 83GN3MK5U3;
				DYLIB_COMPATIBILITY_VERSION = 1;
				DYLIB_CURRENT_VERSION = 1;
				DYLIB_INSTALL_NAME_BASE = "@rpath";
				INFOPLIST_FILE = ReviewPrompting/Info.plist;
				INSTALL_PATH = "$(LOCAL_LIBRARY_DIR)/Frameworks";
				LD_RUNPATH_SEARCH_PATHS = (
					"$(inherited)",
					"@executable_path/Frameworks",
					"@loader_path/Frameworks",
				);
				PRODUCT_BUNDLE_IDENTIFIER = co.fieldapps.ReviewPrompting;
				PRODUCT_NAME = "$(TARGET_NAME:c99extidentifier)";
				SKIP_INSTALL = YES;
				SWIFT_OPTIMIZATION_LEVEL = "-Onone";
				SWIFT_VERSION = 4.0;
				TARGETED_DEVICE_FAMILY = "1,2";
			};
			name = Debug;
		};
		633AD0E921001A0200FBD10C /* Release */ = {
			isa = XCBuildConfiguration;
			buildSettings = {
				CLANG_ENABLE_MODULES = YES;
				CODE_SIGN_IDENTITY = "";
				CODE_SIGN_STYLE = Automatic;
				DEFINES_MODULE = YES;
				DEVELOPMENT_TEAM = 83GN3MK5U3;
				DYLIB_COMPATIBILITY_VERSION = 1;
				DYLIB_CURRENT_VERSION = 1;
				DYLIB_INSTALL_NAME_BASE = "@rpath";
				INFOPLIST_FILE = ReviewPrompting/Info.plist;
				INSTALL_PATH = "$(LOCAL_LIBRARY_DIR)/Frameworks";
				LD_RUNPATH_SEARCH_PATHS = (
					"$(inherited)",
					"@executable_path/Frameworks",
					"@loader_path/Frameworks",
				);
				PRODUCT_BUNDLE_IDENTIFIER = co.fieldapps.ReviewPrompting;
				PRODUCT_NAME = "$(TARGET_NAME:c99extidentifier)";
				SKIP_INSTALL = YES;
				SWIFT_VERSION = 4.0;
				TARGETED_DEVICE_FAMILY = "1,2";
			};
			name = Release;
		};
		633AD0EB21001A0200FBD10C /* Debug */ = {
			isa = XCBuildConfiguration;
			buildSettings = {
				ALWAYS_EMBED_SWIFT_STANDARD_LIBRARIES = YES;
				CODE_SIGN_STYLE = Automatic;
				DEVELOPMENT_TEAM = 83GN3MK5U3;
				INFOPLIST_FILE = ReviewPromptingTests/Info.plist;
				LD_RUNPATH_SEARCH_PATHS = (
					"$(inherited)",
					"@executable_path/Frameworks",
					"@loader_path/Frameworks",
				);
				PRODUCT_BUNDLE_IDENTIFIER = co.fieldapps.ReviewPromptingTests;
				PRODUCT_NAME = "$(TARGET_NAME)";
				SWIFT_VERSION = 4.0;
				TARGETED_DEVICE_FAMILY = "1,2";
			};
			name = Debug;
		};
		633AD0EC21001A0200FBD10C /* Release */ = {
			isa = XCBuildConfiguration;
			buildSettings = {
				ALWAYS_EMBED_SWIFT_STANDARD_LIBRARIES = YES;
				CODE_SIGN_STYLE = Automatic;
				DEVELOPMENT_TEAM = 83GN3MK5U3;
				INFOPLIST_FILE = ReviewPromptingTests/Info.plist;
				LD_RUNPATH_SEARCH_PATHS = (
					"$(inherited)",
					"@executable_path/Frameworks",
					"@loader_path/Frameworks",
				);
				PRODUCT_BUNDLE_IDENTIFIER = co.fieldapps.ReviewPromptingTests;
				PRODUCT_NAME = "$(TARGET_NAME)";
				SWIFT_VERSION = 4.0;
				TARGETED_DEVICE_FAMILY = "1,2";
			};
			name = Release;
		};
/* End XCBuildConfiguration section */

/* Begin XCConfigurationList section */
		633AD0CD21001A0200FBD10C /* Build configuration list for PBXProject "ReviewPrompting" */ = {
			isa = XCConfigurationList;
			buildConfigurations = (
				633AD0E521001A0200FBD10C /* Debug */,
				633AD0E621001A0200FBD10C /* Release */,
			);
			defaultConfigurationIsVisible = 0;
			defaultConfigurationName = Release;
		};
		633AD0E721001A0200FBD10C /* Build configuration list for PBXNativeTarget "ReviewPrompting" */ = {
			isa = XCConfigurationList;
			buildConfigurations = (
				633AD0E821001A0200FBD10C /* Debug */,
				633AD0E921001A0200FBD10C /* Release */,
			);
			defaultConfigurationIsVisible = 0;
			defaultConfigurationName = Release;
		};
		633AD0EA21001A0200FBD10C /* Build configuration list for PBXNativeTarget "ReviewPromptingTests" */ = {
			isa = XCConfigurationList;
			buildConfigurations = (
				633AD0EB21001A0200FBD10C /* Debug */,
				633AD0EC21001A0200FBD10C /* Release */,
			);
			defaultConfigurationIsVisible = 0;
			defaultConfigurationName = Release;
		};
/* End XCConfigurationList section */
	};
	rootObject = 633AD0CA21001A0200FBD10C /* Project object */;
}
